github.com/google/uuid v1.3.0 h1:t6JiXgmwXMjEs8VusXIJk2BXHsn+wx8BZdTaoZ5fu7I=
github.com/google/uuid v1.3.0/go.mod h1:TIyPZe4MgqvfeYDBFedMoGGpEw/LqOeaOT+nhxU+yHo=
github.com/ipthomas/tukcnst v1.0.3 h1:y8SauA7d8skNLu25ZI27zJzWxsF0e9b1HDywcPHmdak=
github.com/ipthomas/tukcnst v1.0.3/go.mod h1:ciOdJbw8hryjilsWjN0vhtF3ZbSfEKUd7wfzU0IZ2X8=
github.com/ipthomas/tukcnst v1.0.4 h1:VxHWPqJzipnuM8nTbODcp+giPvBNg39YCecNGr4MIA0=
github.com/ipthomas/tukcnst v1.0.4/go.mod h1:ciOdJbw8hryjilsWjN0vhtF3ZbSfEKUd7wfzU0IZ2X8=
github.com/ipthomas/tukcnst v1.0.5 h1:wxH9Xy42IZm1brPLRXKug1dYRSgDPFDWJuV6OmhXoSs=
github.com/ipthomas/tukcnst v1.0.5/go.mod h1:ciOdJbw8hryjilsWjN0vhtF3ZbSfEKUd7wfzU0IZ2X8=
github.com/ipthomas/tukhttp v0.0.0-20220912193134-ffb1e7b0b02a h1:7dgltfTjXmG3eG+YqlSbIGmxh9aVOfPq8VlIxqbR0qc=
github.com/ipthomas/tukhttp v0.0.0-20220912193134-ffb1e7b0b02a/go.mod h1:AKbBRvuuucgQ4le8kS67giV8JA84mPNUkixc2f1vYQY=
github.com/ipthomas/tukhttp v1.0.5 h1:HucNErMi8oHaj6RC1QnDjE2sbPyFogxSlvovJv693MU=
github.com/ipthomas/tukhttp v1.0.5/go.mod h1:AKbBRvuuucgQ4le8kS67giV8JA84mPNUkixc2f1vYQY=
github.com/ipthomas/tukhttp v1.0.6 h1:P92WgugEddA2EWlxOssWk1jVw4eHMO9wTTeLp9Faq1E=
github.com/ipthomas/tukhttp v1.0.6/go.mod h1:3VdgcQIY3ORdg7RTkTdKPaOhKDCT8Yg9oyBoJ9zzPik=
github.com/ipthomas/tukutil v0.0.0-20220912190241-6f399bf71d4b h1:U70cQBlicj+b7srKsV3y0WYx7iv7jjUxhjPq90SP4cI=
github.com/ipthomas/tukutil v0.0.0-20220912190241-6f399bf71d4b/go.mod h1:a7z9BhMk/h6K0jqEL6NTJePNB/tYR5SH74GkaiiP0q8=
github.com/ipthomas/tukutil v1.0.5 h1:aGS8wuS/8HuQZYnPkVUmZ77szonr+sI8QBXqSTtYoug=
github.com/ipthomas/tukutil v1.0.5/go.mod h1:a7z9BhMk/h6K0jqEL6NTJePNB/tYR5SH74GkaiiP0q8=
github.com/ipthomas/tukutil v1.0.6 h1:UB100/G7weRUNUNEUqjIhMpiS9KER7DvaNbJtM0vhps=
github.com/ipthomas/tukutil v1.0.6/go.mod h1:5t75VCM6PDN+Oj7GEhP0xQrQouGDotV7Nc8Kn1l8thw=
